
Microsoft Visual Studio Solution File, Format Version 12.00
# Visual Studio 15
VisualStudioVersion = 15.0.28307.1340
MinimumVisualStudioVersion = 10.0.40219.1
Project("{FAE04EC0-301F-11D3-BF4B-00C04F79EFBC}") = "PassifloraProject", "PassifloraProject\PassifloraProject.csproj", "{1DEEEBD7-A8B7-4883-A09F-7B5B71EAF965}"
EndProject
Global
	GlobalSection(SolutionConfigurationPlatforms) = preSolution
		Debug|Any CPU = Debug|Any CPU
		Release|Any CPU = Release|Any CPU
	EndGlobalSection
	GlobalSection(ProjectConfigurationPlatforms) = postSolution
		{1DEEEBD7-A8B7-4883-A09F-7B5B71EAF965}.Debug|Any CPU.ActiveCfg = Debug|Any CPU
		{1DEEEBD7-A8B7-4883-A09F-7B5B71EAF965}.Debug|Any CPU.Build.0 = Debug|Any CPU
		{1DEEEBD7-A8B7-4883-A09F-7B5B71EAF965}.Release|Any CPU.ActiveCfg = Release|Any CPU
		{1DEEEBD7-A8B7-4883-A09F-7B5B71EAF965}.Release|Any CPU.Build.0 = Release|Any CPU
	EndGlobalSection
	GlobalSection(SolutionProperties) = preSolution
		HideSolutionNode = FALSE
	EndGlobalSection
	GlobalSection(ExtensibilityGlobals) = postSolution
		SolutionGuid = {DAB31F48-3F43-461D-BDB3-00CC132B70D3}
	EndGlobalSection
EndGlobal
